
Microsoft Visual Studio Solution File, Format Version 12.00
# Visual Studio Version 16
VisualStudioVersion = 16.0.31321.278
MinimumVisualStudioVersion = 10.0.40219.1
Project("{FAE04EC0-301F-11D3-BF4B-00C04F79EFBC}") = "BigSchool", "BigSchool.csproj", "{5F6D1700-18BB-4027-8CB4-065AB09D7F5B}"
EndProject
Global
	GlobalSection(SolutionConfigurationPlatforms) = preSolution
		Debug|Any CPU = Debug|Any CPU
		Release|Any CPU = Release|Any CPU
	EndGlobalSection
	GlobalSection(ProjectConfigurationPlatforms) = postSolution
		{5F6D1700-18BB-4027-8CB4-065AB09D7F5B}.Debug|Any CPU.ActiveCfg = Debug|Any CPU
		{5F6D1700-18BB-4027-8CB4-065AB09D7F5B}.Debug|Any CPU.Build.0 = Debug|Any CPU
		{5F6D1700-18BB-4027-8CB4-065AB09D7F5B}.Release|Any CPU.ActiveCfg = Release|Any CPU
		{5F6D1700-18BB-4027-8CB4-065AB09D7F5B}.Release|Any CPU.Build.0 = Release|Any CPU
	EndGlobalSection
	GlobalSection(SolutionProperties) = preSolution
		HideSolutionNode = FALSE
	EndGlobalSection
	GlobalSection(ExtensibilityGlobals) = postSolution
		SolutionGuid = {A583B517-4BE5-4DCD-86C4-75660B3B0319}
	EndGlobalSection
EndGlobal
